{
  "version": 4,
  "terraform_version": "0.12.24",
  "serial": 23,
  "lineage": "c9ffc941-ee9f-03c1-173c-2a8903250886",
  "outputs": {},
  "resources": [
    {
      "mode": "managed",
      "type": "aws_instance",
      "name": "example",
      "provider": "provider.aws",
      "instances": [
        {
          "schema_version": 1,
          "attributes": {
            "ami": "ami-0dad359ff462124ca",
            "arn": "arn:aws:ec2:eu-west-1:918903027633:instance/i-0a568a2d87956840c",
            "associate_public_ip_address": true,
            "availability_zone": "eu-west-1c",
            "cpu_core_count": 1,
            "cpu_threads_per_core": 1,
            "credit_specification": [
              {
                "cpu_credits": "standard"
              }
            ],
            "disable_api_termination": false,
            "ebs_block_device": [],
            "ebs_optimized": false,
            "ephemeral_block_device": [],
            "get_password_data": false,
            "hibernation": false,
            "host_id": null,
            "iam_instance_profile": "",
            "id": "i-0a568a2d87956840c",
            "instance_initiated_shutdown_behavior": null,
            "instance_state": "running",
            "instance_type": "t2.micro",
            "ipv6_address_count": 0,
            "ipv6_addresses": [],
            "key_name": "mykey",
            "metadata_options": [
              {
                "http_endpoint": "enabled",
                "http_put_response_hop_limit": 1,
                "http_tokens": "optional"
              }
            ],
            "monitoring": false,
            "network_interface": [],
            "network_interface_id": null,
            "outpost_arn": "",
            "password_data": "",
            "placement_group": "",
            "primary_network_interface_id": "eni-0493148b48c71c0cd",
            "private_dns": "ip-172-31-32-97.eu-west-1.compute.internal",
            "private_ip": "172.31.32.97",
            "public_dns": "ec2-34-244-178-36.eu-west-1.compute.amazonaws.com",
            "public_ip": "34.244.178.36",
            "root_block_device": [
              {
                "delete_on_termination": true,
                "device_name": "/dev/sda1",
                "encrypted": false,
                "iops": 100,
                "kms_key_id": "",
                "volume_id": "vol-0c10e0acd4a3d0945",
                "volume_size": 8,
                "volume_type": "gp2"
              }
            ],
            "security_groups": [
              "default"
            ],
            "source_dest_check": true,
            "subnet_id": "subnet-0de69757481f5fe06",
            "tags": {
              "Name": "My Instance"
            },
            "tenancy": "default",
            "timeouts": null,
            "user_data": null,
            "user_data_base64": null,
            "volume_tags": {},
            "vpc_security_group_ids": [
              "sg-09b48ebc124f457cf"
            ]
          },
          "private": "eyJlMmJmYjczMC1lY2FhLTExZTYtOGY4OC0zNDM2M2JjN2M0YzAiOnsiY3JlYXRlIjo2MDAwMDAwMDAwMDAsImRlbGV0ZSI6MTIwMDAwMDAwMDAwMCwidXBkYXRlIjo2MDAwMDAwMDAwMDB9LCJzY2hlbWFfdmVyc2lvbiI6IjEifQ==",
          "dependencies": [
            "aws_key_pair.mykey"
          ]
        }
      ]
    },
    {
      "mode": "managed",
      "type": "aws_key_pair",
      "name": "mykey",
      "provider": "provider.aws",
      "instances": [
        {
          "schema_version": 1,
          "attributes": {
            "fingerprint": "3e:a6:f9:e6:4e:ef:7b:7e:8f:e6:22:a4:c7:4b:de:90",
            "id": "mykey",
            "key_name": "mykey",
            "key_name_prefix": null,
            "key_pair_id": "key-078b481261613049e",
            "public_key": "ssh-rsa AAAAB3NzaC1yc2EAAAADAQABAAABAQDVb46/FxCPpvDaOfcTht71kwALGdt4r6rQPQXvXy0RYs/1q+CYE+yPi2BRvuDf2eylbChGon8PL3jihs30uMZmEvhX6i+mqvI06MloGlLMrwo6ev8/sX4puR5TAa+F1hy8NTDJjI0Hm/enQIjJD9On2f/8XV9kBZf4Q87aUVL5jLrcWIgIhC1cfEMqH3aD1WALmIu7ueNAh/YiM3+FgmNXPZfGs6iZzoAvsq4y11A79H20S/w9C1TKskIG3ytpASBEE9Ieec25qPvE2Ip71N8Wo/R6I3K0ToWGcnNBi0gs4MW5soN/l9A4K3OF5MFQAre4iLqQl0I2AObjhQNyd33F ubuntu@u1",
            "tags": null
          },
          "private": "eyJzY2hlbWFfdmVyc2lvbiI6IjEifQ=="
        }
      ]
    }
  ]
}
